github.com/celebdor/zeroconf v0.0.0-20210412110229-8ba34664402f h1:fxzZZmYfW5TJe/Ky0PplMpygmIa5hqe2IcHnKNYC3GQ=
github.com/celebdor/zeroconf v0.0.0-20210412110229-8ba34664402f/go.mod h1:u+uV1CvldRx3gLkxSL/4KfFGFRmdPWwFJ7lDwdFkCe4=
github.com/cenkalti/backoff v2.2.1+incompatible h1:tNowT99t7UNflLxfYYSlKYsBpXdEet03Pg2g16Swow4=
github.com/cenkalti/backoff v2.2.1+incompatible/go.mod h1:90ReRw6GdpyfrHakVjL/QHaoyV4aDUVVkXQJJJ3NXXM=
github.com/coredns/coredns v1.12.4 h1:rIMnjPvB02drP18DTlJJb1vGkc8Tyl8fe7NFnnSv2lU=
github.com/coredns/coredns v1.12.4/go.mod h1:TxzroErfdIKzIwSJUX2VT9NqlZ1RZ3jqIzs3fQ1shmY=
github.com/google/go-cmp v0.6.0 h1:ofyhxvXcZhMsU5ulbFiLKl/XBFqE1GSq7atu8tAmTRI=
github.com/google/go-cmp v0.6.0/go.mod h1:17dUlkBOakJ0+DkrSSNjCkIjxS6bF9zb3elmeNGIjoY=
github.com/miekg/dns v1.1.68 h1:jsSRkNozw7G/mnmXULynzMNIsgY2dHC8LO6U6Ij2JEA=
github.com/miekg/dns v1.1.68/go.mod h1:fujopn7TB3Pu3JM69XaawiU0wqjpL9/8xGop5UrTPps=
golang.org/x/mod v0.24.0 h1:ZfthKaKaT4NrhGVZHO1/WDTwGES4De8KtWO0SIbNJMU=
golang.org/x/mod v0.24.0/go.mod h1:IXM97Txy2VM4PJ3gI61r1YEk/gAj6zAHN3AdZt6S9Ww=
golang.org/x/mod v0.26.0/go.mod h1:/j6NAhSk8iQ723BGAUyoAcn7SlD7s15Dp9Nd/SfeaFQ=
golang.org/x/net v0.44.0 h1:evd8IRDyfNBMBTTY5XRF1vaZlD+EmWx6x8PkhR04H/I=
golang.org/x/net v0.44.0/go.mod h1:ECOoLqd5U3Lhyeyo/QDCEVQ4sNgYsqvCZ722XogGieY=
golang.org/x/sync v0.14.0 h1:woo0S4Yywslg6hp4eUFjTVOyKt0RookbpAHG4c1HmhQ=
golang.org/x/sync v0.14.0/go.mod h1:1dzgHSNfp02xaA81J2MS99Qcpr2w7fw1gpm99rleRqA=
golang.org/x/sync v0.16.0/go.mod h1:1dzgHSNfp02xaA81J2MS99Qcpr2w7fw1gpm99rleRqA=
golang.org/x/sys v0.36.0 h1:KVRy2GtZBrk1cBYA7MKu5bEZFxQk4NIDV6RLVcC8o0k=
golang.org/x/sys v0.36.0/go.mod h1:OgkHotnGiDImocRcuBABYBEXf8A9a87e/uXjp9XT3ks=
golang.org/x/tools v0.33.0 h1:4qz2S3zmRxbGIhDIAgjxvFutSvH5EfnsYrRBj0UI0bc=
golang.org/x/tools v0.33.0/go.mod h1:CIJMaWEY88juyUfo7UbgPqbC8rU2OqfAV1h2Qp0oMYI=
golang.org/x/tools v0.35.0/go.mod h1:NKdj5HkL/73byiZSJjqJgKn3ep7KjFkBOkR/Hps3VPw=
